
Microsoft Visual Studio Solution File, Format Version 12.00
# Visual Studio Version 17
VisualStudioVersion = 17.14.36915.13 d17.14
MinimumVisualStudioVersion = 10.0.40219.1
Project("{FAE04EC0-301F-11D3-BF4B-00C04F79EFBC}") = "kovorkingg", "kovorkingg\kovorkingg.csproj", "{7AFBB391-362D-43F3-91B8-1FF123BB8057}"
EndProject
Global
	GlobalSection(SolutionConfigurationPlatforms) = preSolution
		Debug|Any CPU = Debug|Any CPU
		Release|Any CPU = Release|Any CPU
	EndGlobalSection
	GlobalSection(ProjectConfigurationPlatforms) = postSolution
		{7AFBB391-362D-43F3-91B8-1FF123BB8057}.Debug|Any CPU.ActiveCfg = Debug|Any CPU
		{7AFBB391-362D-43F3-91B8-1FF123BB8057}.Debug|Any CPU.Build.0 = Debug|Any CPU
		{7AFBB391-362D-43F3-91B8-1FF123BB8057}.Release|Any CPU.ActiveCfg = Release|Any CPU
		{7AFBB391-362D-43F3-91B8-1FF123BB8057}.Release|Any CPU.Build.0 = Release|Any CPU
	EndGlobalSection
	GlobalSection(SolutionProperties) = preSolution
		HideSolutionNode = FALSE
	EndGlobalSection
	GlobalSection(ExtensibilityGlobals) = postSolution
		SolutionGuid = {DB0E8334-DFAD-44B0-A414-493E0A0C48DB}
	EndGlobalSection
EndGlobal
